# THIS IS AN AUTOGENERATED FILE. DO NOT EDIT THIS FILE DIRECTLY.
# yarn lockfile v1


chrome-devtools-frontend@1.0.445684:
  version "1.0.445684"
  resolved "https://registry.yarnpkg.com/chrome-devtools-frontend/-/chrome-devtools-frontend-1.0.445684.tgz#8540131836024df2b70fe90d0322af368931d762"

devtools-timeline-model@^1.3.1:
  version "1.3.1"
  resolved "https://registry.yarnpkg.com/devtools-timeline-model/-/devtools-timeline-model-1.3.1.tgz#27e9b849d45ad50e5d3675657d4aebbf7a919669"
  dependencies:
    chrome-devtools-frontend "1.0.445684"
    resolve "1.1.7"

merge-ranges@^1.0.2:
  version "1.0.2"
  resolved "https://registry.yarnpkg.com/merge-ranges/-/merge-ranges-1.0.2.tgz#0e4fcaac77302079c8b30720c2fe9ba9300e535f"

resolve@1.1.7:
  version "1.1.7"
  resolved "https://registry.yarnpkg.com/resolve/-/resolve-1.1.7.tgz#203114d82ad2c5ed9e8e0411b3932875e889e97b"
